// !$*UTF8*$!
{
	archiveVersion = 1;
	classes = {
	};
	objectVersion = 56;
	objects = {

/* Begin PBXBuildFile section */
		6E111F532B78D81A00972F12 /* CustomTextView.swift in Sources */ = {isa = PBXBuildFile; fileRef = 6E111F522B78D81A00972F12 /* CustomTextView.swift */; };
		6E111F552B78E1A400972F12 /* TweetService.swift in Sources */ = {isa = PBXBuildFile; fileRef = 6E111F542B78E1A400972F12 /* TweetService.swift */; };
		6E111F572B78E6C400972F12 /* TweetModel.swift in Sources */ = {isa = PBXBuildFile; fileRef = 6E111F562B78E6C400972F12 /* TweetModel.swift */; };
		6E111F592B78F56900972F12 /* TweetCell.swift in Sources */ = {isa = PBXBuildFile; fileRef = 6E111F582B78F56900972F12 /* TweetCell.swift */; };
		6E111F5B2B79098700972F12 /* TweetViewModel.swift in Sources */ = {isa = PBXBuildFile; fileRef = 6E111F5A2B79098700972F12 /* TweetViewModel.swift */; };
		6EC585392B77F8E700740BB7 /* UploadTweetController.swift in Sources */ = {isa = PBXBuildFile; fileRef = 6EC585382B77F8E700740BB7 /* UploadTweetController.swift */; };
		6ED819662B760F220089187E /* AppDelegate.swift in Sources */ = {isa = PBXBuildFile; fileRef = 6ED819652B760F220089187E /* AppDelegate.swift */; };
		6ED819682B760F220089187E /* SceneDelegate.swift in Sources */ = {isa = PBXBuildFile; fileRef = 6ED819672B760F220089187E /* SceneDelegate.swift */; };
		6ED8196F2B760F230089187E /* Assets.xcassets in Resources */ = {isa = PBXBuildFile; fileRef = 6ED8196E2B760F230089187E /* Assets.xcassets */; };
		6ED819722B760F230089187E /* LaunchScreen.storyboard in Resources */ = {isa = PBXBuildFile; fileRef = 6ED819702B760F230089187E /* LaunchScreen.storyboard */; };
		6ED819802B76103D0089187E /* MainTabController.swift in Sources */ = {isa = PBXBuildFile; fileRef = 6ED8197F2B76103D0089187E /* MainTabController.swift */; };
		6ED8198A2B7610EB0089187E /* ExploreController.swift in Sources */ = {isa = PBXBuildFile; fileRef = 6ED819892B7610EB0089187E /* ExploreController.swift */; };
		6ED8198C2B7610F80089187E /* NotificationsController.swift in Sources */ = {isa = PBXBuildFile; fileRef = 6ED8198B2B7610F80089187E /* NotificationsController.swift */; };
		6ED8198E2B7611030089187E /* ConversationController.swift in Sources */ = {isa = PBXBuildFile; fileRef = 6ED8198D2B7611030089187E /* ConversationController.swift */; };
		6ED819902B7611180089187E /* FeedController.swift in Sources */ = {isa = PBXBuildFile; fileRef = 6ED8198F2B7611180089187E /* FeedController.swift */; };
		6ED819932B7621900089187E /* SnapKit in Frameworks */ = {isa = PBXBuildFile; productRef = 6ED819922B7621900089187E /* SnapKit */; };
		6ED819962B7622BD0089187E /* UIColor+Extension.swift in Sources */ = {isa = PBXBuildFile; fileRef = 6ED819952B7622BD0089187E /* UIColor+Extension.swift */; };
		6ED8199A2B7624160089187E /* LoginController.swift in Sources */ = {isa = PBXBuildFile; fileRef = 6ED819992B7624160089187E /* LoginController.swift */; };
		6ED8199C2B76248C0089187E /* RegistrationController.swift in Sources */ = {isa = PBXBuildFile; fileRef = 6ED8199B2B76248C0089187E /* RegistrationController.swift */; };
		6ED8199E2B7628A50089187E /* Utilities.swift in Sources */ = {isa = PBXBuildFile; fileRef = 6ED8199D2B7628A50089187E /* Utilities.swift */; };
		6ED819A02B7645A70089187E /* GoogleService-Info.plist in Resources */ = {isa = PBXBuildFile; fileRef = 6ED8199F2B7645A70089187E /* GoogleService-Info.plist */; };
		6ED819A32B7646320089187E /* FirebaseAuth in Frameworks */ = {isa = PBXBuildFile; productRef = 6ED819A22B7646320089187E /* FirebaseAuth */; };
		6ED819A52B7646320089187E /* FirebaseDatabase in Frameworks */ = {isa = PBXBuildFile; productRef = 6ED819A42B7646320089187E /* FirebaseDatabase */; };
		6ED819A72B7646320089187E /* FirebaseFirestore in Frameworks */ = {isa = PBXBuildFile; productRef = 6ED819A62B7646320089187E /* FirebaseFirestore */; };
		6ED819A92B7646320089187E /* FirebaseStorage in Frameworks */ = {isa = PBXBuildFile; productRef = 6ED819A82B7646320089187E /* FirebaseStorage */; };
		6ED819AB2B7653620089187E /* AuthService.swift in Sources */ = {isa = PBXBuildFile; fileRef = 6ED819AA2B7653620089187E /* AuthService.swift */; };
		6ED819AD2B766EB10089187E /* UserService.swift in Sources */ = {isa = PBXBuildFile; fileRef = 6ED819AC2B766EB10089187E /* UserService.swift */; };
		6ED819AF2B76705D0089187E /* UserModel.swift in Sources */ = {isa = PBXBuildFile; fileRef = 6ED819AE2B76705D0089187E /* UserModel.swift */; };
		6ED819B22B7674420089187E /* SDWebImage in Frameworks */ = {isa = PBXBuildFile; productRef = 6ED819B12B7674420089187E /* SDWebImage */; };
/* End PBXBuildFile section */

/* Begin PBXFileReference section */
		6E111F522B78D81A00972F12 /* CustomTextView.swift */ = {isa = PBXFileReference; lastKnownFileType = sourcecode.swift; path = CustomTextView.swift; sourceTree = "<group>"; };
		6E111F542B78E1A400972F12 /* TweetService.swift */ = {isa = PBXFileReference; lastKnownFileType = sourcecode.swift; path = TweetService.swift; sourceTree = "<group>"; };
		6E111F562B78E6C400972F12 /* TweetModel.swift */ = {isa = PBXFileReference; lastKnownFileType = sourcecode.swift; path = TweetModel.swift; sourceTree = "<group>"; };
		6E111F582B78F56900972F12 /* TweetCell.swift */ = {isa = PBXFileReference; lastKnownFileType = sourcecode.swift; path = TweetCell.swift; sourceTree = "<group>"; };
		6E111F5A2B79098700972F12 /* TweetViewModel.swift */ = {isa = PBXFileReference; lastKnownFileType = sourcecode.swift; path = TweetViewModel.swift; sourceTree = "<group>"; };
		6EC585382B77F8E700740BB7 /* UploadTweetController.swift */ = {isa = PBXFileReference; lastKnownFileType = sourcecode.swift; path = UploadTweetController.swift; sourceTree = "<group>"; };
		6ED819622B760F220089187E /* UIKitTwitterClone.app */ = {isa = PBXFileReference; explicitFileType = wrapper.application; includeInIndex = 0; path = UIKitTwitterClone.app; sourceTree = BUILT_PRODUCTS_DIR; };
		6ED819652B760F220089187E /* AppDelegate.swift */ = {isa = PBXFileReference; lastKnownFileType = sourcecode.swift; path = AppDelegate.swift; sourceTree = "<group>"; };
		6ED819672B760F220089187E /* SceneDelegate.swift */ = {isa = PBXFileReference; lastKnownFileType = sourcecode.swift; path = SceneDelegate.swift; sourceTree = "<group>"; };
		6ED8196E2B760F230089187E /* Assets.xcassets */ = {isa = PBXFileReference; lastKnownFileType = folder.assetcatalog; path = Assets.xcassets; sourceTree = "<group>"; };
		6ED819712B760F230089187E /* Base */ = {isa = PBXFileReference; lastKnownFileType = file.storyboard; name = Base; path = Base.lproj/LaunchScreen.storyboard; sourceTree = "<group>"; };
		6ED819732B760F230089187E /* Info.plist */ = {isa = PBXFileReference; lastKnownFileType = text.plist.xml; path = Info.plist; sourceTree = "<group>"; };
		6ED8197F2B76103D0089187E /* MainTabController.swift */ = {isa = PBXFileReference; lastKnownFileType = sourcecode.swift; path = MainTabController.swift; sourceTree = "<group>"; };
		6ED819892B7610EB0089187E /* ExploreController.swift */ = {isa = PBXFileReference; lastKnownFileType = sourcecode.swift; path = ExploreController.swift; sourceTree = "<group>"; };
		6ED8198B2B7610F80089187E /* NotificationsController.swift */ = {isa = PBXFileReference; lastKnownFileType = sourcecode.swift; path = NotificationsController.swift; sourceTree = "<group>"; };
		6ED8198D2B7611030089187E /* ConversationController.swift */ = {isa = PBXFileReference; lastKnownFileType = sourcecode.swift; path = ConversationController.swift; sourceTree = "<group>"; };
		6ED8198F2B7611180089187E /* FeedController.swift */ = {isa = PBXFileReference; lastKnownFileType = sourcecode.swift; path = FeedController.swift; sourceTree = "<group>"; };
		6ED819952B7622BD0089187E /* UIColor+Extension.swift */ = {isa = PBXFileReference; lastKnownFileType = sourcecode.swift; path = "UIColor+Extension.swift"; sourceTree = "<group>"; };
		6ED819992B7624160089187E /* LoginController.swift */ = {isa = PBXFileReference; lastKnownFileType = sourcecode.swift; path = LoginController.swift; sourceTree = "<group>"; };
		6ED8199B2B76248C0089187E /* RegistrationController.swift */ = {isa = PBXFileReference; lastKnownFileType = sourcecode.swift; path = RegistrationController.swift; sourceTree = "<group>"; };
		6ED8199D2B7628A50089187E /* Utilities.swift */ = {isa = PBXFileReference; lastKnownFileType = sourcecode.swift; path = Utilities.swift; sourceTree = "<group>"; };
		6ED8199F2B7645A70089187E /* GoogleService-Info.plist */ = {isa = PBXFileReference; fileEncoding = 4; lastKnownFileType = text.plist.xml; path = "GoogleService-Info.plist"; sourceTree = "<group>"; };
		6ED819AA2B7653620089187E /* AuthService.swift */ = {isa = PBXFileReference; lastKnownFileType = sourcecode.swift; path = AuthService.swift; sourceTree = "<group>"; };
		6ED819AC2B766EB10089187E /* UserService.swift */ = {isa = PBXFileReference; lastKnownFileType = sourcecode.swift; path = UserService.swift; sourceTree = "<group>"; };
		6ED819AE2B76705D0089187E /* UserModel.swift */ = {isa = PBXFileReference; lastKnownFileType = sourcecode.swift; path = UserModel.swift; sourceTree = "<group>"; };
/* End PBXFileReference section */

/* Begin PBXFrameworksBuildPhase section */
		6ED8195F2B760F220089187E /* Frameworks */ = {
			isa = PBXFrameworksBuildPhase;
			buildActionMask = 2147483647;
			files = (
				6ED819B22B7674420089187E /* SDWebImage in Frameworks */,
				6ED819A52B7646320089187E /* FirebaseDatabase in Frameworks */,
				6ED819A72B7646320089187E /* FirebaseFirestore in Frameworks */,
				6ED819932B7621900089187E /* SnapKit in Frameworks */,
				6ED819A92B7646320089187E /* FirebaseStorage in Frameworks */,
				6ED819A32B7646320089187E /* FirebaseAuth in Frameworks */,
			);
			runOnlyForDeploymentPostprocessing = 0;
		};
/* End PBXFrameworksBuildPhase section */

/* Begin PBXGroup section */
		6E111F512B78D80C00972F12 /* View */ = {
			isa = PBXGroup;
			children = (
				6E111F522B78D81A00972F12 /* CustomTextView.swift */,
				6E111F582B78F56900972F12 /* TweetCell.swift */,
			);
			path = View;
			sourceTree = "<group>";
		};
		6ED819592B760F220089187E = {
			isa = PBXGroup;
			children = (
				6ED819642B760F220089187E /* UIKitTwitterClone */,
				6ED819632B760F220089187E /* Products */,
			);
			sourceTree = "<group>";
		};
		6ED819632B760F220089187E /* Products */ = {
			isa = PBXGroup;
			children = (
				6ED819622B760F220089187E /* UIKitTwitterClone.app */,
			);
			name = Products;
			sourceTree = "<group>";
		};
		6ED819642B760F220089187E /* UIKitTwitterClone */ = {
			isa = PBXGroup;
			children = (
				6ED819942B7622AD0089187E /* Extensions */,
				6ED8197E2B76101B0089187E /* Utils */,
				6ED8197A2B760F730089187E /* Model */,
				6ED8197B2B7610070089187E /* ViewModel */,
				6ED8197D2B7610140089187E /* Networking */,
				6ED8197C2B7610100089187E /* Controller */,
				6E111F512B78D80C00972F12 /* View */,
				6ED819972B7623F00089187E /* Core */,
			);
			path = UIKitTwitterClone;
			sourceTree = "<group>";
		};
		6ED8197A2B760F730089187E /* Model */ = {
			isa = PBXGroup;
			children = (
				6ED819AE2B76705D0089187E /* UserModel.swift */,
				6E111F562B78E6C400972F12 /* TweetModel.swift */,
			);
			path = Model;
			sourceTree = "<group>";
		};
		6ED8197B2B7610070089187E /* ViewModel */ = {
			isa = PBXGroup;
			children = (
				6E111F5A2B79098700972F12 /* TweetViewModel.swift */,
			);
			path = ViewModel;
			sourceTree = "<group>";
		};
		6ED8197C2B7610100089187E /* Controller */ = {
			isa = PBXGroup;
			children = (
				6ED819982B7624040089187E /* Authentication */,
				6ED8197F2B76103D0089187E /* MainTabController.swift */,
				6ED819892B7610EB0089187E /* ExploreController.swift */,
				6ED8198B2B7610F80089187E /* NotificationsController.swift */,
				6ED8198D2B7611030089187E /* ConversationController.swift */,
				6ED8198F2B7611180089187E /* FeedController.swift */,
				6EC585382B77F8E700740BB7 /* UploadTweetController.swift */,
			);
			path = Controller;
			sourceTree = "<group>";
		};
		6ED8197D2B7610140089187E /* Networking */ = {
			isa = PBXGroup;
			children = (
				6ED819AA2B7653620089187E /* AuthService.swift */,
				6ED819AC2B766EB10089187E /* UserService.swift */,
				6E111F542B78E1A400972F12 /* TweetService.swift */,
			);
			path = Networking;
			sourceTree = "<group>";
		};
		6ED8197E2B76101B0089187E /* Utils */ = {
			isa = PBXGroup;
			children = (
				6ED8199D2B7628A50089187E /* Utilities.swift */,
			);
			path = Utils;
			sourceTree = "<group>";
		};
		6ED819942B7622AD0089187E /* Extensions */ = {
			isa = PBXGroup;
			children = (
				6ED819952B7622BD0089187E /* UIColor+Extension.swift */,
			);
			path = Extensions;
			sourceTree = "<group>";
		};
		6ED819972B7623F00089187E /* Core */ = {
			isa = PBXGroup;
			children = (
				6ED819652B760F220089187E /* AppDelegate.swift */,
				6ED819672B760F220089187E /* SceneDelegate.swift */,
				6ED8196E2B760F230089187E /* Assets.xcassets */,
				6ED819702B760F230089187E /* LaunchScreen.storyboard */,
				6ED819732B760F230089187E /* Info.plist */,
				6ED8199F2B7645A70089187E /* GoogleService-Info.plist */,
			);
			name = Core;
			sourceTree = "<group>";
		};
		6ED819982B7624040089187E /* Authentication */ = {
			isa = PBXGroup;
			children = (
				6ED819992B7624160089187E /* LoginController.swift */,
				6ED8199B2B76248C0089187E /* RegistrationController.swift */,
			);
			path = Authentication;
			sourceTree = "<group>";
		};
/* End PBXGroup section */

/* Begin PBXNativeTarget section */
		6ED819612B760F220089187E /* UIKitTwitterClone */ = {
			isa = PBXNativeTarget;
			buildConfigurationList = 6ED819762B760F230089187E /* Build configuration list for PBXNativeTarget "UIKitTwitterClone" */;
			buildPhases = (
				6ED8195E2B760F220089187E /* Sources */,
				6ED8195F2B760F220089187E /* Frameworks */,
				6ED819602B760F220089187E /* Resources */,
			);
			buildRules = (
			);
			dependencies = (
			);
			name = UIKitTwitterClone;
			packageProductDependencies = (
				6ED819922B7621900089187E /* SnapKit */,
				6ED819A22B7646320089187E /* FirebaseAuth */,
				6ED819A42B7646320089187E /* FirebaseDatabase */,
				6ED819A62B7646320089187E /* FirebaseFirestore */,
				6ED819A82B7646320089187E /* FirebaseStorage */,
				6ED819B12B7674420089187E /* SDWebImage */,
			);
			productName = UIKitTwitterClone;
			productReference = 6ED819622B760F220089187E /* UIKitTwitterClone.app */;
			productType = "com.apple.product-type.application";
		};
/* End PBXNativeTarget section */

/* Begin PBXProject section */
		6ED8195A2B760F220089187E /* Project object */ = {
			isa = PBXProject;
			attributes = {
				BuildIndependentTargetsInParallel = 1;
				LastSwiftUpdateCheck = 1430;
				LastUpgradeCheck = 1430;
				TargetAttributes = {
					6ED819612B760F220089187E = {
						CreatedOnToolsVersion = 14.3.1;
					};
				};
			};
			buildConfigurationList = 6ED8195D2B760F220089187E /* Build configuration list for PBXProject "UIKitTwitterClone" */;
			compatibilityVersion = "Xcode 14.0";
			developmentRegion = en;
			hasScannedForEncodings = 0;
			knownRegions = (
				en,
				Base,
			);
			mainGroup = 6ED819592B760F220089187E;
			packageReferences = (
				6ED819912B7621900089187E /* XCRemoteSwiftPackageReference "SnapKit" */,
				6ED819A12B7646320089187E /* XCRemoteSwiftPackageReference "firebase-ios-sdk" */,
				6ED819B02B7674420089187E /* XCRemoteSwiftPackageReference "SDWebImage" */,
			);
			productRefGroup = 6ED819632B760F220089187E /* Products */;
			projectDirPath = "";
			projectRoot = "";
			targets = (
				6ED819612B760F220089187E /* UIKitTwitterClone */,
			);
		};
/* End PBXProject section */

/* Begin PBXResourcesBuildPhase section */
		6ED819602B760F220089187E /* Resources */ = {
			isa = PBXResourcesBuildPhase;
			buildActionMask = 2147483647;
			files = (
				6ED819722B760F230089187E /* LaunchScreen.storyboard in Resources */,
				6ED819A02B7645A70089187E /* GoogleService-Info.plist in Resources */,
				6ED8196F2B760F230089187E /* Assets.xcassets in Resources */,
			);
			runOnlyForDeploymentPostprocessing = 0;
		};
/* End PBXResourcesBuildPhase section */

/* Begin PBXSourcesBuildPhase section */
		6ED8195E2B760F220089187E /* Sources */ = {
			isa = PBXSourcesBuildPhase;
			buildActionMask = 2147483647;
			files = (
				6ED819662B760F220089187E /* AppDelegate.swift in Sources */,
				6ED8198A2B7610EB0089187E /* ExploreController.swift in Sources */,
				6ED8199E2B7628A50089187E /* Utilities.swift in Sources */,
				6ED819AB2B7653620089187E /* AuthService.swift in Sources */,
				6ED8198C2B7610F80089187E /* NotificationsController.swift in Sources */,
				6E111F552B78E1A400972F12 /* TweetService.swift in Sources */,
				6ED819802B76103D0089187E /* MainTabController.swift in Sources */,
				6ED819AD2B766EB10089187E /* UserService.swift in Sources */,
				6ED8199A2B7624160089187E /* LoginController.swift in Sources */,
				6ED819AF2B76705D0089187E /* UserModel.swift in Sources */,
				6ED8198E2B7611030089187E /* ConversationController.swift in Sources */,
				6E111F532B78D81A00972F12 /* CustomTextView.swift in Sources */,
				6ED819682B760F220089187E /* SceneDelegate.swift in Sources */,
				6EC585392B77F8E700740BB7 /* UploadTweetController.swift in Sources */,
				6ED819902B7611180089187E /* FeedController.swift in Sources */,
				6E111F572B78E6C400972F12 /* TweetModel.swift in Sources */,
				6E111F5B2B79098700972F12 /* TweetViewModel.swift in Sources */,
				6ED8199C2B76248C0089187E /* RegistrationController.swift in Sources */,
				6E111F592B78F56900972F12 /* TweetCell.swift in Sources */,
				6ED819962B7622BD0089187E /* UIColor+Extension.swift in Sources */,
			);
			runOnlyForDeploymentPostprocessing = 0;
		};
/* End PBXSourcesBuildPhase section */

/* Begin PBXVariantGroup section */
		6ED819702B760F230089187E /* LaunchScreen.storyboard */ = {
			isa = PBXVariantGroup;
			children = (
				6ED819712B760F230089187E /* Base */,
			);
			name = LaunchScreen.storyboard;
			sourceTree = "<group>";
		};
/* End PBXVariantGroup section */

/* Begin XCBuildConfiguration section */
		6ED819742B760F230089187E /* Debug */ = {
			isa = XCBuildConfiguration;
			buildSettings = {
				ALWAYS_SEARCH_USER_PATHS = NO;
				CLANG_ANALYZER_NONNULL = YES;
				CLANG_ANALYZER_NUMBER_OBJECT_CONVERSION = YES_AGGRESSIVE;
				CLANG_CXX_LANGUAGE_STANDARD = "gnu++20";
				CLANG_ENABLE_MODULES = YES;
				CLANG_ENABLE_OBJC_ARC = YES;
				CLANG_ENABLE_OBJC_WEAK = YES;
				CLANG_WARN_BLOCK_CAPTURE_AUTORELEASING = YES;
				CLANG_WARN_BOOL_CONVERSION = YES;
				CLANG_WARN_COMMA = YES;
				CLANG_WARN_CONSTANT_CONVERSION = YES;
				CLANG_WARN_DEPRECATED_OBJC_IMPLEMENTATIONS = YES;
				CLANG_WARN_DIRECT_OBJC_ISA_USAGE = YES_ERROR;
				CLANG_WARN_DOCUMENTATION_COMMENTS = YES;
				CLANG_WARN_EMPTY_BODY = YES;
				CLANG_WARN_ENUM_CONVERSION = YES;
				CLANG_WARN_INFINITE_RECURSION = YES;
				CLANG_WARN_INT_CONVERSION = YES;
				CLANG_WARN_NON_LITERAL_NULL_CONVERSION = YES;
				CLANG_WARN_OBJC_IMPLICIT_RETAIN_SELF = YES;
				CLANG_WARN_OBJC_LITERAL_CONVERSION = YES;
				CLANG_WARN_OBJC_ROOT_CLASS = YES_ERROR;
				CLANG_WARN_QUOTED_INCLUDE_IN_FRAMEWORK_HEADER = YES;
				CLANG_WARN_RANGE_LOOP_ANALYSIS = YES;
				CLANG_WARN_STRICT_PROTOTYPES = YES;
				CLANG_WARN_SUSPICIOUS_MOVE = YES;
				CLANG_WARN_UNGUARDED_AVAILABILITY = YES_AGGRESSIVE;
				CLANG_WARN_UNREACHABLE_CODE = YES;
				CLANG_WARN__DUPLICATE_METHOD_MATCH = YES;
				COPY_PHASE_STRIP = NO;
				DEBUG_INFORMATION_FORMAT = dwarf;
				ENABLE_STRICT_OBJC_MSGSEND = YES;
				ENABLE_TESTABILITY = YES;
				GCC_C_LANGUAGE_STANDARD = gnu11;
				GCC_DYNAMIC_NO_PIC = NO;
				GCC_NO_COMMON_BLOCKS = YES;
				GCC_OPTIMIZATION_LEVEL = 0;
				GCC_PREPROCESSOR_DEFINITIONS = (
					"DEBUG=1",
					"$(inherited)",
				);
				GCC_WARN_64_TO_32_BIT_CONVERSION = YES;
				GCC_WARN_ABOUT_RETURN_TYPE = YES_ERROR;
				GCC_WARN_UNDECLARED_SELECTOR = YES;
				GCC_WARN_UNINITIALIZED_AUTOS = YES_AGGRESSIVE;
				GCC_WARN_UNUSED_FUNCTION = YES;
				GCC_WARN_UNUSED_VARIABLE = YES;
				IPHONEOS_DEPLOYMENT_TARGET = 16.4;
				MTL_ENABLE_DEBUG_INFO = INCLUDE_SOURCE;
				MTL_FAST_MATH = YES;
				ONLY_ACTIVE_ARCH = YES;
				SDKROOT = iphoneos;
				SWIFT_ACTIVE_COMPILATION_CONDITIONS = DEBUG;
				SWIFT_OPTIMIZATION_LEVEL = "-Onone";
			};
			name = Debug;
		};
		6ED819752B760F230089187E /* Release */ = {
			isa = XCBuildConfiguration;
			buildSettings = {
				ALWAYS_SEARCH_USER_PATHS = NO;
				CLANG_ANALYZER_NONNULL = YES;
				CLANG_ANALYZER_NUMBER_OBJECT_CONVERSION = YES_AGGRESSIVE;
				CLANG_CXX_LANGUAGE_STANDARD = "gnu++20";
				CLANG_ENABLE_MODULES = YES;
				CLANG_ENABLE_OBJC_ARC = YES;
				CLANG_ENABLE_OBJC_WEAK = YES;
				CLANG_WARN_BLOCK_CAPTURE_AUTORELEASING = YES;
				CLANG_WARN_BOOL_CONVERSION = YES;
				CLANG_WARN_COMMA = YES;
				CLANG_WARN_CONSTANT_CONVERSION = YES;
				CLANG_WARN_DEPRECATED_OBJC_IMPLEMENTATIONS = YES;
				CLANG_WARN_DIRECT_OBJC_ISA_USAGE = YES_ERROR;
				CLANG_WARN_DOCUMENTATION_COMMENTS = YES;
				CLANG_WARN_EMPTY_BODY = YES;
				CLANG_WARN_ENUM_CONVERSION = YES;
				CLANG_WARN_INFINITE_RECURSION = YES;
				CLANG_WARN_INT_CONVERSION = YES;
				CLANG_WARN_NON_LITERAL_NULL_CONVERSION = YES;
				CLANG_WARN_OBJC_IMPLICIT_RETAIN_SELF = YES;
				CLANG_WARN_OBJC_LITERAL_CONVERSION = YES;
				CLANG_WARN_OBJC_ROOT_CLASS = YES_ERROR;
				CLANG_WARN_QUOTED_INCLUDE_IN_FRAMEWORK_HEADER = YES;
				CLANG_WARN_RANGE_LOOP_ANALYSIS = YES;
				CLANG_WARN_STRICT_PROTOTYPES = YES;
				CLANG_WARN_SUSPICIOUS_MOVE = YES;
				CLANG_WARN_UNGUARDED_AVAILABILITY = YES_AGGRESSIVE;
				CLANG_WARN_UNREACHABLE_CODE = YES;
				CLANG_WARN__DUPLICATE_METHOD_MATCH = YES;
				COPY_PHASE_STRIP = NO;
				DEBUG_INFORMATION_FORMAT = "dwarf-with-dsym";
				ENABLE_NS_ASSERTIONS = NO;
				ENABLE_STRICT_OBJC_MSGSEND = YES;
				GCC_C_LANGUAGE_STANDARD = gnu11;
				GCC_NO_COMMON_BLOCKS = YES;
				GCC_WARN_64_TO_32_BIT_CONVERSION = YES;
				GCC_WARN_ABOUT_RETURN_TYPE = YES_ERROR;
				GCC_WARN_UNDECLARED_SELECTOR = YES;
				GCC_WARN_UNINITIALIZED_AUTOS = YES_AGGRESSIVE;
				GCC_WARN_UNUSED_FUNCTION = YES;
				GCC_WARN_UNUSED_VARIABLE = YES;
				IPHONEOS_DEPLOYMENT_TARGET = 16.4;
				MTL_ENABLE_DEBUG_INFO = NO;
				MTL_FAST_MATH = YES;
				SDKROOT = iphoneos;
				SWIFT_COMPILATION_MODE = wholemodule;
				SWIFT_OPTIMIZATION_LEVEL = "-O";
				VALIDATE_PRODUCT = YES;
			};
			name = Release;
		};
		6ED819772B760F230089187E /* Debug */ = {
			isa = XCBuildConfiguration;
			buildSettings = {
				ASSETCATALOG_COMPILER_APPICON_NAME = AppIcon;
				ASSETCATALOG_COMPILER_GLOBAL_ACCENT_COLOR_NAME = AccentColor;
				CODE_SIGN_STYLE = Automatic;
				CURRENT_PROJECT_VERSION = 1;
				DEVELOPMENT_TEAM = KC9Z5ZJF65;
				GENERATE_INFOPLIST_FILE = YES;
				INFOPLIST_FILE = UIKitTwitterClone/Info.plist;
				INFOPLIST_KEY_UIApplicationSupportsIndirectInputEvents = YES;
				INFOPLIST_KEY_UILaunchStoryboardName = LaunchScreen;
				INFOPLIST_KEY_UISupportedInterfaceOrientations_iPad = "UIInterfaceOrientationPortrait UIInterfaceOrientationPortraitUpsideDown UIInterfaceOrientationLandscapeLeft UIInterfaceOrientationLandscapeRight";
				INFOPLIST_KEY_UISupportedInterfaceOrientations_iPhone = "UIInterfaceOrientationPortrait UIInterfaceOrientationLandscapeLeft UIInterfaceOrientationLandscapeRight";
				LD_RUNPATH_SEARCH_PATHS = (
					"$(inherited)",
					"@executable_path/Frameworks",
				);
				MARKETING_VERSION = 1.0;
				PRODUCT_BUNDLE_IDENTIFIER = com.twitterclone.UIKitTwitterClone;
				PRODUCT_NAME = "$(TARGET_NAME)";
				SWIFT_EMIT_LOC_STRINGS = YES;
				SWIFT_VERSION = 5.0;
				TARGETED_DEVICE_FAMILY = "1,2";
			};
			name = Debug;
		};
		6ED819782B760F230089187E /* Release */ = {
			isa = XCBuildConfiguration;
			buildSettings = {
				ASSETCATALOG_COMPILER_APPICON_NAME = AppIcon;
				ASSETCATALOG_COMPILER_GLOBAL_ACCENT_COLOR_NAME = AccentColor;
				CODE_SIGN_STYLE = Automatic;
				CURRENT_PROJECT_VERSION = 1;
				DEVELOPMENT_TEAM = KC9Z5ZJF65;
				GENERATE_INFOPLIST_FILE = YES;
				INFOPLIST_FILE = UIKitTwitterClone/Info.plist;
				INFOPLIST_KEY_UIApplicationSupportsIndirectInputEvents = YES;
				INFOPLIST_KEY_UILaunchStoryboardName = LaunchScreen;
				INFOPLIST_KEY_UISupportedInterfaceOrientations_iPad = "UIInterfaceOrientationPortrait UIInterfaceOrientationPortraitUpsideDown UIInterfaceOrientationLandscapeLeft UIInterfaceOrientationLandscapeRight";
				INFOPLIST_KEY_UISupportedInterfaceOrientations_iPhone = "UIInterfaceOrientationPortrait UIInterfaceOrientationLandscapeLeft UIInterfaceOrientationLandscapeRight";
				LD_RUNPATH_SEARCH_PATHS = (
					"$(inherited)",
					"@executable_path/Frameworks",
				);
				MARKETING_VERSION = 1.0;
				PRODUCT_BUNDLE_IDENTIFIER = com.twitterclone.UIKitTwitterClone;
				PRODUCT_NAME = "$(TARGET_NAME)";
				SWIFT_EMIT_LOC_STRINGS = YES;
				SWIFT_VERSION = 5.0;
				TARGETED_DEVICE_FAMILY = "1,2";
			};
			name = Release;
		};
/* End XCBuildConfiguration section */

/* Begin XCConfigurationList section */
		6ED8195D2B760F220089187E /* Build configuration list for PBXProject "UIKitTwitterClone" */ = {
			isa = XCConfigurationList;
			buildConfigurations = (
				6ED819742B760F230089187E /* Debug */,
				6ED819752B760F230089187E /* Release */,
			);
			defaultConfigurationIsVisible = 0;
			defaultConfigurationName = Release;
		};
		6ED819762B760F230089187E /* Build configuration list for PBXNativeTarget "UIKitTwitterClone" */ = {
			isa = XCConfigurationList;
			buildConfigurations = (
				6ED819772B760F230089187E /* Debug */,
				6ED819782B760F230089187E /* Release */,
			);
			defaultConfigurationIsVisible = 0;
			defaultConfigurationName = Release;
		};
/* End XCConfigurationList section */

/* Begin XCRemoteSwiftPackageReference section */
		6ED819912B7621900089187E /* XCRemoteSwiftPackageReference "SnapKit" */ = {
			isa = XCRemoteSwiftPackageReference;
			repositoryURL = "https://github.com/SnapKit/SnapKit.git";
			requirement = {
				kind = upToNextMajorVersion;
				minimumVersion = 5.0.0;
			};
		};
		6ED819A12B7646320089187E /* XCRemoteSwiftPackageReference "firebase-ios-sdk" */ = {
			isa = XCRemoteSwiftPackageReference;
			repositoryURL = "https://github.com/firebase/firebase-ios-sdk";
			requirement = {
				kind = upToNextMajorVersion;
				minimumVersion = 10.0.0;
			};
		};
		6ED819B02B7674420089187E /* XCRemoteSwiftPackageReference "SDWebImage" */ = {
			isa = XCRemoteSwiftPackageReference;
			repositoryURL = "https://github.com/SDWebImage/SDWebImage.git";
			requirement = {
				kind = upToNextMajorVersion;
				minimumVersion = 5.0.0;
			};
		};
/* End XCRemoteSwiftPackageReference section */

/* Begin XCSwiftPackageProductDependency section */
		6ED819922B7621900089187E /* SnapKit */ = {
			isa = XCSwiftPackageProductDependency;
			package = 6ED819912B7621900089187E /* XCRemoteSwiftPackageReference "SnapKit" */;
			productName = SnapKit;
		};
		6ED819A22B7646320089187E /* FirebaseAuth */ = {
			isa = XCSwiftPackageProductDependency;
			package = 6ED819A12B7646320089187E /* XCRemoteSwiftPackageReference "firebase-ios-sdk" */;
			productName = FirebaseAuth;
		};
		6ED819A42B7646320089187E /* FirebaseDatabase */ = {
			isa = XCSwiftPackageProductDependency;
			package = 6ED819A12B7646320089187E /* XCRemoteSwiftPackageReference "firebase-ios-sdk" */;
			productName = FirebaseDatabase;
		};
		6ED819A62B7646320089187E /* FirebaseFirestore */ = {
			isa = XCSwiftPackageProductDependency;
			package = 6ED819A12B7646320089187E /* XCRemoteSwiftPackageReference "firebase-ios-sdk" */;
			productName = FirebaseFirestore;
		};
		6ED819A82B7646320089187E /* FirebaseStorage */ = {
			isa = XCSwiftPackageProductDependency;
			package = 6ED819A12B7646320089187E /* XCRemoteSwiftPackageReference "firebase-ios-sdk" */;
			productName = FirebaseStorage;
		};
		6ED819B12B7674420089187E /* SDWebImage */ = {
			isa = XCSwiftPackageProductDependency;
			package = 6ED819B02B7674420089187E /* XCRemoteSwiftPackageReference "SDWebImage" */;
			productName = SDWebImage;
		};
/* End XCSwiftPackageProductDependency section */
	};
	rootObject = 6ED8195A2B760F220089187E /* Project object */;
}
